PODS:
  - Alamofire (4.0.1)
  - DLRadioButton (1.4.9)
  - TagListView (1.1.0)

DEPENDENCIES:
  - Alamofire (~> 4.0)
  - DLRadioButton (~> 1.4)
  - TagListView (~> 1.0)

SPEC CHECKSUMS:
  Alamofire: 7682d43245de14874acd142ec137b144aa1dd335
  DLRadioButton: 7bb8a6e3768b572469ace553391ab4d2af6f9c19
  TagListView: d0267a71393f3c73db5c9ea2f979ac1125fcab56

PODFILE CHECKSUM: 07cdd6c5f21effe5ee125c0f97eea98390a13dba

COCOAPODS: 1.1.0.rc.3
