// !$*UTF8*$!
{
	archiveVersion = 1;
	classes = {
	};
	objectVersion = 46;
	objects = {

/* Begin PBXBuildFile section */
		2B2C77581DD9F65D00E9B1ED /* ServiceCall.swift in Sources */ = {isa = PBXBuildFile; fileRef = 2B2C77571DD9F65D00E9B1ED /* ServiceCall.swift */; };
		2B4476C81DAAADC700A27F4C /* CoreLocationManager.swift in Sources */ = {isa = PBXBuildFile; fileRef = 2B4476C71DAAADC700A27F4C /* CoreLocationManager.swift */; };
		2B4476CB1DAAAE0100A27F4C /* CoreLocation.framework in Frameworks */ = {isa = PBXBuildFile; fileRef = 2B4476CA1DAAAE0100A27F4C /* CoreLocation.framework */; };
		2B4476CD1DAAAE0600A27F4C /* CoreBluetooth.framework in Frameworks */ = {isa = PBXBuildFile; fileRef = 2B4476CC1DAAAE0600A27F4C /* CoreBluetooth.framework */; };
		2B4476E11DAAB88900A27F4C /* NetworkServiceManager.swift in Sources */ = {isa = PBXBuildFile; fileRef = 2B4476E01DAAB88900A27F4C /* NetworkServiceManager.swift */; };
		2B4476E31DAAB89300A27F4C /* NetworkService.swift in Sources */ = {isa = PBXBuildFile; fileRef = 2B4476E21DAAB89300A27F4C /* NetworkService.swift */; };
		2B4476E61DAAB8F800A27F4C /* NetworkConfig.swift in Sources */ = {isa = PBXBuildFile; fileRef = 2B4476E51DAAB8F800A27F4C /* NetworkConfig.swift */; };
		2BABBEBA1DA2BD470074842A /* AppDelegate.swift in Sources */ = {isa = PBXBuildFile; fileRef = 2BABBEB91DA2BD470074842A /* AppDelegate.swift */; };
		2BABBEBC1DA2BD470074842A /* InitialViewController.swift in Sources */ = {isa = PBXBuildFile; fileRef = 2BABBEBB1DA2BD470074842A /* InitialViewController.swift */; };
		2BABBEBF1DA2BD470074842A /* Main.storyboard in Resources */ = {isa = PBXBuildFile; fileRef = 2BABBEBD1DA2BD470074842A /* Main.storyboard */; };
		2BABBEC41DA2BD470074842A /* LaunchScreen.storyboard in Resources */ = {isa = PBXBuildFile; fileRef = 2BABBEC21DA2BD470074842A /* LaunchScreen.storyboard */; };
		2F86F596CEFCE6ABE133766A /* Pods_BeaCodeApp.framework in Frameworks */ = {isa = PBXBuildFile; fileRef = 9E1C9EA0A19C097054D56FC9 /* Pods_BeaCodeApp.framework */; };
		EA1C22AF1DC8E9B3005481AB /* MyEventsViewController.swift in Sources */ = {isa = PBXBuildFile; fileRef = EA1C22AE1DC8E9B3005481AB /* MyEventsViewController.swift */; };
		EA1C22B11DC8EA0B005481AB /* SearchViewController.swift in Sources */ = {isa = PBXBuildFile; fileRef = EA1C22B01DC8EA0B005481AB /* SearchViewController.swift */; };
		EA1C22B31DC8EABF005481AB /* MyEventTableViewCell.swift in Sources */ = {isa = PBXBuildFile; fileRef = EA1C22B21DC8EABF005481AB /* MyEventTableViewCell.swift */; };
		EA1C22B51DC8EADE005481AB /* SearchItemTableViewCell.swift in Sources */ = {isa = PBXBuildFile; fileRef = EA1C22B41DC8EADE005481AB /* SearchItemTableViewCell.swift */; };
		EA1C22B71DC8EC12005481AB /* EventDetailViewController.swift in Sources */ = {isa = PBXBuildFile; fileRef = EA1C22B61DC8EC12005481AB /* EventDetailViewController.swift */; };
		EA1C22B91DC8EC3D005481AB /* MyProfileViewController.swift in Sources */ = {isa = PBXBuildFile; fileRef = EA1C22B81DC8EC3D005481AB /* MyProfileViewController.swift */; };
		EA274A361DCAA46100C005D9 /* SharingManager.swift in Sources */ = {isa = PBXBuildFile; fileRef = EA274A351DCAA46100C005D9 /* SharingManager.swift */; };
		EA274A381DCAC9D600C005D9 /* PhotoCell.swift in Sources */ = {isa = PBXBuildFile; fileRef = EA274A371DCAC9D600C005D9 /* PhotoCell.swift */; };
		EA274A3C1DCB676800C005D9 /* NavigationViewController.swift in Sources */ = {isa = PBXBuildFile; fileRef = EA274A3B1DCB676800C005D9 /* NavigationViewController.swift */; };
		EA5EEE1B1DC8F29C00C30D69 /* EventDetailInfoTableViewCell.swift in Sources */ = {isa = PBXBuildFile; fileRef = EA5EEE1A1DC8F29C00C30D69 /* EventDetailInfoTableViewCell.swift */; };
		EA5EEE1D1DC90EEB00C30D69 /* EventPhotoSliderTableViewCell.swift in Sources */ = {isa = PBXBuildFile; fileRef = EA5EEE1C1DC90EEB00C30D69 /* EventPhotoSliderTableViewCell.swift */; };
		EA5EEE211DC9126D00C30D69 /* EventDetailViewController+TableView.swift in Sources */ = {isa = PBXBuildFile; fileRef = EA5EEE201DC9126D00C30D69 /* EventDetailViewController+TableView.swift */; };
		EA5EEE231DC91EC400C30D69 /* EventNavigationStarterTableViewCell.swift in Sources */ = {isa = PBXBuildFile; fileRef = EA5EEE221DC91EC400C30D69 /* EventNavigationStarterTableViewCell.swift */; };
		EA5EEE261DC937E400C30D69 /* Event.swift in Sources */ = {isa = PBXBuildFile; fileRef = EA5EEE251DC937E400C30D69 /* Event.swift */; };
		EA5EEE281DC9381800C30D69 /* Exhibit.swift in Sources */ = {isa = PBXBuildFile; fileRef = EA5EEE271DC9381800C30D69 /* Exhibit.swift */; };
		EA5EEE2A1DC93E6C00C30D69 /* Assets.xcassets in Resources */ = {isa = PBXBuildFile; fileRef = EA5EEE291DC93E6C00C30D69 /* Assets.xcassets */; };
		EA5EEE2D1DC93F3400C30D69 /* MockFactory.swift in Sources */ = {isa = PBXBuildFile; fileRef = EA5EEE2C1DC93F3400C30D69 /* MockFactory.swift */; };
		EA9611B11DD0043700B27290 /* ExhibitTableViewCell.swift in Sources */ = {isa = PBXBuildFile; fileRef = EA9611B01DD0043700B27290 /* ExhibitTableViewCell.swift */; };
		EA9611B31DD06C2200B27290 /* ExhibitDetailViewController.swift in Sources */ = {isa = PBXBuildFile; fileRef = EA9611B21DD06C2200B27290 /* ExhibitDetailViewController.swift */; };
		EAE019AD1DD0AA8E0049D28B /* EventDto.swift in Sources */ = {isa = PBXBuildFile; fileRef = EAE019AC1DD0AA8E0049D28B /* EventDto.swift */; };
		EAE019AF1DD0AC790049D28B /* EventConverter.swift in Sources */ = {isa = PBXBuildFile; fileRef = EAE019AE1DD0AC790049D28B /* EventConverter.swift */; };
		EAE019B11DD0B0570049D28B /* GetEventResource.swift in Sources */ = {isa = PBXBuildFile; fileRef = EAE019B01DD0B0570049D28B /* GetEventResource.swift */; };
/* End PBXBuildFile section */

/* Begin PBXFileReference section */
		22FCC914006020FCE9F45BC0 /* Pods-BeaCodeApp.release.xcconfig */ = {isa = PBXFileReference; includeInIndex = 1; lastKnownFileType = text.xcconfig; name = "Pods-BeaCodeApp.release.xcconfig"; path = "Pods/Target Support Files/Pods-BeaCodeApp/Pods-BeaCodeApp.release.xcconfig"; sourceTree = "<group>"; };
		2B2C77571DD9F65D00E9B1ED /* ServiceCall.swift */ = {isa = PBXFileReference; fileEncoding = 4; lastKnownFileType = sourcecode.swift; path = ServiceCall.swift; sourceTree = "<group>"; };
		2B4476C71DAAADC700A27F4C /* CoreLocationManager.swift */ = {isa = PBXFileReference; fileEncoding = 4; lastKnownFileType = sourcecode.swift; path = CoreLocationManager.swift; sourceTree = "<group>"; };
		2B4476CA1DAAAE0100A27F4C /* CoreLocation.framework */ = {isa = PBXFileReference; lastKnownFileType = wrapper.framework; name = CoreLocation.framework; path = System/Library/Frameworks/CoreLocation.framework; sourceTree = SDKROOT; };
		2B4476CC1DAAAE0600A27F4C /* CoreBluetooth.framework */ = {isa = PBXFileReference; lastKnownFileType = wrapper.framework; name = CoreBluetooth.framework; path = System/Library/Frameworks/CoreBluetooth.framework; sourceTree = SDKROOT; };
		2B4476E01DAAB88900A27F4C /* NetworkServiceManager.swift */ = {isa = PBXFileReference; fileEncoding = 4; lastKnownFileType = sourcecode.swift; path = NetworkServiceManager.swift; sourceTree = "<group>"; };
		2B4476E21DAAB89300A27F4C /* NetworkService.swift */ = {isa = PBXFileReference; fileEncoding = 4; lastKnownFileType = sourcecode.swift; path = NetworkService.swift; sourceTree = "<group>"; };
		2B4476E51DAAB8F800A27F4C /* NetworkConfig.swift */ = {isa = PBXFileReference; fileEncoding = 4; lastKnownFileType = sourcecode.swift; path = NetworkConfig.swift; sourceTree = "<group>"; };
		2BABBEB61DA2BD470074842A /* BeaCodeApp.app */ = {isa = PBXFileReference; explicitFileType = wrapper.application; includeInIndex = 0; path = BeaCodeApp.app; sourceTree = BUILT_PRODUCTS_DIR; };
		2BABBEB91DA2BD470074842A /* AppDelegate.swift */ = {isa = PBXFileReference; lastKnownFileType = sourcecode.swift; path = AppDelegate.swift; sourceTree = "<group>"; };
		2BABBEBB1DA2BD470074842A /* InitialViewController.swift */ = {isa = PBXFileReference; lastKnownFileType = sourcecode.swift; path = InitialViewController.swift; sourceTree = "<group>"; };
		2BABBEBE1DA2BD470074842A /* Base */ = {isa = PBXFileReference; lastKnownFileType = file.storyboard; name = Base; path = Base.lproj/Main.storyboard; sourceTree = "<group>"; };
		2BABBEC31DA2BD470074842A /* Base */ = {isa = PBXFileReference; lastKnownFileType = file.storyboard; name = Base; path = Base.lproj/LaunchScreen.storyboard; sourceTree = "<group>"; };
		2BABBEC51DA2BD470074842A /* Info.plist */ = {isa = PBXFileReference; lastKnownFileType = text.plist.xml; path = Info.plist; sourceTree = "<group>"; };
		74758EC089C261F10A6558DF /* Pods-BeaCodeApp.debug.xcconfig */ = {isa = PBXFileReference; includeInIndex = 1; lastKnownFileType = text.xcconfig; name = "Pods-BeaCodeApp.debug.xcconfig"; path = "Pods/Target Support Files/Pods-BeaCodeApp/Pods-BeaCodeApp.debug.xcconfig"; sourceTree = "<group>"; };
		9E1C9EA0A19C097054D56FC9 /* Pods_BeaCodeApp.framework */ = {isa = PBXFileReference; explicitFileType = wrapper.framework; includeInIndex = 0; path = Pods_BeaCodeApp.framework; sourceTree = BUILT_PRODUCTS_DIR; };
		EA1C22AE1DC8E9B3005481AB /* MyEventsViewController.swift */ = {isa = PBXFileReference; fileEncoding = 4; lastKnownFileType = sourcecode.swift; path = MyEventsViewController.swift; sourceTree = "<group>"; };
		EA1C22B01DC8EA0B005481AB /* SearchViewController.swift */ = {isa = PBXFileReference; fileEncoding = 4; lastKnownFileType = sourcecode.swift; path = SearchViewController.swift; sourceTree = "<group>"; };
		EA1C22B21DC8EABF005481AB /* MyEventTableViewCell.swift */ = {isa = PBXFileReference; fileEncoding = 4; lastKnownFileType = sourcecode.swift; path = MyEventTableViewCell.swift; sourceTree = "<group>"; };
		EA1C22B41DC8EADE005481AB /* SearchItemTableViewCell.swift */ = {isa = PBXFileReference; fileEncoding = 4; lastKnownFileType = sourcecode.swift; path = SearchItemTableViewCell.swift; sourceTree = "<group>"; };
		EA1C22B61DC8EC12005481AB /* EventDetailViewController.swift */ = {isa = PBXFileReference; fileEncoding = 4; lastKnownFileType = sourcecode.swift; path = EventDetailViewController.swift; sourceTree = "<group>"; };
		EA1C22B81DC8EC3D005481AB /* MyProfileViewController.swift */ = {isa = PBXFileReference; fileEncoding = 4; lastKnownFileType = sourcecode.swift; path = MyProfileViewController.swift; sourceTree = "<group>"; };
		EA274A351DCAA46100C005D9 /* SharingManager.swift */ = {isa = PBXFileReference; fileEncoding = 4; lastKnownFileType = sourcecode.swift; path = SharingManager.swift; sourceTree = "<group>"; };
		EA274A371DCAC9D600C005D9 /* PhotoCell.swift */ = {isa = PBXFileReference; fileEncoding = 4; lastKnownFileType = sourcecode.swift; path = PhotoCell.swift; sourceTree = "<group>"; };
		EA274A3B1DCB676800C005D9 /* NavigationViewController.swift */ = {isa = PBXFileReference; fileEncoding = 4; lastKnownFileType = sourcecode.swift; path = NavigationViewController.swift; sourceTree = "<group>"; };
		EA5EEE1A1DC8F29C00C30D69 /* EventDetailInfoTableViewCell.swift */ = {isa = PBXFileReference; fileEncoding = 4; lastKnownFileType = sourcecode.swift; path = EventDetailInfoTableViewCell.swift; sourceTree = "<group>"; };
		EA5EEE1C1DC90EEB00C30D69 /* EventPhotoSliderTableViewCell.swift */ = {isa = PBXFileReference; fileEncoding = 4; lastKnownFileType = sourcecode.swift; path = EventPhotoSliderTableViewCell.swift; sourceTree = "<group>"; };
		EA5EEE201DC9126D00C30D69 /* EventDetailViewController+TableView.swift */ = {isa = PBXFileReference; fileEncoding = 4; lastKnownFileType = sourcecode.swift; path = "EventDetailViewController+TableView.swift"; sourceTree = "<group>"; };
		EA5EEE221DC91EC400C30D69 /* EventNavigationStarterTableViewCell.swift */ = {isa = PBXFileReference; fileEncoding = 4; lastKnownFileType = sourcecode.swift; path = EventNavigationStarterTableViewCell.swift; sourceTree = "<group>"; };
		EA5EEE251DC937E400C30D69 /* Event.swift */ = {isa = PBXFileReference; fileEncoding = 4; lastKnownFileType = sourcecode.swift; path = Event.swift; sourceTree = "<group>"; };
		EA5EEE271DC9381800C30D69 /* Exhibit.swift */ = {isa = PBXFileReference; fileEncoding = 4; lastKnownFileType = sourcecode.swift; path = Exhibit.swift; sourceTree = "<group>"; };
		EA5EEE291DC93E6C00C30D69 /* Assets.xcassets */ = {isa = PBXFileReference; lastKnownFileType = folder.assetcatalog; path = Assets.xcassets; sourceTree = "<group>"; };
		EA5EEE2C1DC93F3400C30D69 /* MockFactory.swift */ = {isa = PBXFileReference; fileEncoding = 4; lastKnownFileType = sourcecode.swift; path = MockFactory.swift; sourceTree = "<group>"; };
		EA9611B01DD0043700B27290 /* ExhibitTableViewCell.swift */ = {isa = PBXFileReference; fileEncoding = 4; lastKnownFileType = sourcecode.swift; path = ExhibitTableViewCell.swift; sourceTree = "<group>"; };
		EA9611B21DD06C2200B27290 /* ExhibitDetailViewController.swift */ = {isa = PBXFileReference; fileEncoding = 4; lastKnownFileType = sourcecode.swift; path = ExhibitDetailViewController.swift; sourceTree = "<group>"; };
		EAE019AC1DD0AA8E0049D28B /* EventDto.swift */ = {isa = PBXFileReference; fileEncoding = 4; lastKnownFileType = sourcecode.swift; path = EventDto.swift; sourceTree = "<group>"; };
		EAE019AE1DD0AC790049D28B /* EventConverter.swift */ = {isa = PBXFileReference; fileEncoding = 4; lastKnownFileType = sourcecode.swift; path = EventConverter.swift; sourceTree = "<group>"; };
		EAE019B01DD0B0570049D28B /* GetEventResource.swift */ = {isa = PBXFileReference; fileEncoding = 4; lastKnownFileType = sourcecode.swift; path = GetEventResource.swift; sourceTree = "<group>"; };
/* End PBXFileReference section */

/* Begin PBXFrameworksBuildPhase section */
		2BABBEB31DA2BD470074842A /* Frameworks */ = {
			isa = PBXFrameworksBuildPhase;
			buildActionMask = 2147483647;
			files = (
				2B4476CD1DAAAE0600A27F4C /* CoreBluetooth.framework in Frameworks */,
				2B4476CB1DAAAE0100A27F4C /* CoreLocation.framework in Frameworks */,
				2F86F596CEFCE6ABE133766A /* Pods_BeaCodeApp.framework in Frameworks */,
			);
			runOnlyForDeploymentPostprocessing = 0;
		};
/* End PBXFrameworksBuildPhase section */

/* Begin PBXGroup section */
		2B4476BF1DAAAD8F00A27F4C /* Core */ = {
			isa = PBXGroup;
			children = (
				2B4476C21DAAAD9C00A27F4C /* Common */,
				2B4476C11DAAAD9700A27F4C /* Feature */,
			);
			name = Core;
			sourceTree = "<group>";
		};
		2B4476C01DAAAD9300A27F4C /* Generic */ = {
			isa = PBXGroup;
			children = (
				2B4476C41DAAADA500A27F4C /* Common */,
				2B4476C31DAAADA100A27F4C /* Feature */,
			);
			name = Generic;
			sourceTree = "<group>";
		};
		2B4476C11DAAAD9700A27F4C /* Feature */ = {
			isa = PBXGroup;
			children = (
				EA274A391DCB674000C005D9 /* Navigation */,
				2B4476DB1DAAB24F00A27F4C /* Events */,
				2B4476DA1DAAB24800A27F4C /* Login */,
				2B4476D51DAAB12300A27F4C /* Initialiaze */,
				2B4476D11DAAB0E000A27F4C /* UI */,
			);
			name = Feature;
			sourceTree = "<group>";
		};
		2B4476C21DAAAD9C00A27F4C /* Common */ = {
			isa = PBXGroup;
			children = (
				2B4476E41DAAB8EB00A27F4C /* Configuration */,
				2BABBEB91DA2BD470074842A /* AppDelegate.swift */,
				2B4476C61DAAADBA00A27F4C /* Managers */,
				2B4476C51DAAADAF00A27F4C /* Services */,
			);
			name = Common;
			sourceTree = "<group>";
		};
		2B4476C31DAAADA100A27F4C /* Feature */ = {
			isa = PBXGroup;
			children = (
			);
			name = Feature;
			sourceTree = "<group>";
		};
		2B4476C41DAAADA500A27F4C /* Common */ = {
			isa = PBXGroup;
			children = (
			);
			name = Common;
			sourceTree = "<group>";
		};
		2B4476C51DAAADAF00A27F4C /* Services */ = {
			isa = PBXGroup;
			children = (
				2B4476E21DAAB89300A27F4C /* NetworkService.swift */,
			);
			name = Services;
			sourceTree = "<group>";
		};
		2B4476C61DAAADBA00A27F4C /* Managers */ = {
			isa = PBXGroup;
			children = (
				2B4476DF1DAAB87500A27F4C /* NetworkManager */,
				2B4476CE1DAAAE9B00A27F4C /* CLLManager */,
			);
			name = Managers;
			sourceTree = "<group>";
		};
		2B4476C91DAAAE0100A27F4C /* Frameworks */ = {
			isa = PBXGroup;
			children = (
				2B4476CC1DAAAE0600A27F4C /* CoreBluetooth.framework */,
				2B4476CA1DAAAE0100A27F4C /* CoreLocation.framework */,
				9E1C9EA0A19C097054D56FC9 /* Pods_BeaCodeApp.framework */,
			);
			name = Frameworks;
			sourceTree = "<group>";
		};
		2B4476CE1DAAAE9B00A27F4C /* CLLManager */ = {
			isa = PBXGroup;
			children = (
				2B4476C71DAAADC700A27F4C /* CoreLocationManager.swift */,
			);
			name = CLLManager;
			sourceTree = "<group>";
		};
		2B4476D11DAAB0E000A27F4C /* UI */ = {
			isa = PBXGroup;
			children = (
				2B4476DE1DAAB83B00A27F4C /* CollectionViewCells */,
				2B4476DD1DAAB83400A27F4C /* TableViewCells */,
				2B4476D31DAAB0F300A27F4C /* Splash */,
				2B4476D21DAAB0E700A27F4C /* Storyboard */,
			);
			name = UI;
			sourceTree = "<group>";
		};
		2B4476D21DAAB0E700A27F4C /* Storyboard */ = {
			isa = PBXGroup;
			children = (
				2BABBEBD1DA2BD470074842A /* Main.storyboard */,
			);
			name = Storyboard;
			sourceTree = "<group>";
		};
		2B4476D31DAAB0F300A27F4C /* Splash */ = {
			isa = PBXGroup;
			children = (
				2BABBEC21DA2BD470074842A /* LaunchScreen.storyboard */,
			);
			name = Splash;
			sourceTree = "<group>";
		};
		2B4476D51DAAB12300A27F4C /* Initialiaze */ = {
			isa = PBXGroup;
			children = (
				2B4476D91DAAB13700A27F4C /* Resource */,
				2B4476D81DAAB13300A27F4C /* View */,
				2B4476D71DAAB12E00A27F4C /* Presentation */,
				2B4476D61DAAB12A00A27F4C /* Controller */,
			);
			name = Initialiaze;
			sourceTree = "<group>";
		};
		2B4476D61DAAB12A00A27F4C /* Controller */ = {
			isa = PBXGroup;
			children = (
			);
			name = Controller;
			sourceTree = "<group>";
		};
		2B4476D71DAAB12E00A27F4C /* Presentation */ = {
			isa = PBXGroup;
			children = (
			);
			name = Presentation;
			sourceTree = "<group>";
		};
		2B4476D81DAAB13300A27F4C /* View */ = {
			isa = PBXGroup;
			children = (
				2BABBEBB1DA2BD470074842A /* InitialViewController.swift */,
			);
			name = View;
			sourceTree = "<group>";
		};
		2B4476D91DAAB13700A27F4C /* Resource */ = {
			isa = PBXGroup;
			children = (
			);
			name = Resource;
			sourceTree = "<group>";
		};
		2B4476DA1DAAB24800A27F4C /* Login */ = {
			isa = PBXGroup;
			children = (
				EA5EEE1F1DC9122000C30D69 /* View */,
			);
			name = Login;
			sourceTree = "<group>";
		};
		2B4476DB1DAAB24F00A27F4C /* Events */ = {
			isa = PBXGroup;
			children = (
				EAE019A41DD0A7E00049D28B /* Event Dashboard */,
				EAE019A31DD0A7D80049D28B /* Event Detail */,
				EA5EEE2B1DC93EF100C30D69 /* MockService */,
				EA5EEE241DC937D100C30D69 /* Model */,
			);
			name = Events;
			sourceTree = "<group>";
		};
		2B4476DD1DAAB83400A27F4C /* TableViewCells */ = {
			isa = PBXGroup;
			children = (
				EA1C22B21DC8EABF005481AB /* MyEventTableViewCell.swift */,
				EA1C22B41DC8EADE005481AB /* SearchItemTableViewCell.swift */,
				EA5EEE1A1DC8F29C00C30D69 /* EventDetailInfoTableViewCell.swift */,
				EA5EEE1C1DC90EEB00C30D69 /* EventPhotoSliderTableViewCell.swift */,
				EA5EEE221DC91EC400C30D69 /* EventNavigationStarterTableViewCell.swift */,
				EA9611B01DD0043700B27290 /* ExhibitTableViewCell.swift */,
			);
			name = TableViewCells;
			sourceTree = "<group>";
		};
		2B4476DE1DAAB83B00A27F4C /* CollectionViewCells */ = {
			isa = PBXGroup;
			children = (
				EA274A371DCAC9D600C005D9 /* PhotoCell.swift */,
			);
			name = CollectionViewCells;
			sourceTree = "<group>";
		};
		2B4476DF1DAAB87500A27F4C /* NetworkManager */ = {
			isa = PBXGroup;
			children = (
				2B4476E01DAAB88900A27F4C /* NetworkServiceManager.swift */,
				2B2C77571DD9F65D00E9B1ED /* ServiceCall.swift */,
			);
			name = NetworkManager;
			sourceTree = "<group>";
		};
		2B4476E41DAAB8EB00A27F4C /* Configuration */ = {
			isa = PBXGroup;
			children = (
				2B4476E51DAAB8F800A27F4C /* NetworkConfig.swift */,
			);
			name = Configuration;
			sourceTree = "<group>";
		};
		2BABBEAD1DA2BD470074842A = {
			isa = PBXGroup;
			children = (
				2BABBEB81DA2BD470074842A /* BeaCodeApp */,
				2BABBEB71DA2BD470074842A /* Products */,
				2B4476C91DAAAE0100A27F4C /* Frameworks */,
				7289416C5907DDDDE4A29FE0 /* Pods */,
			);
			sourceTree = "<group>";
		};
		2BABBEB71DA2BD470074842A /* Products */ = {
			isa = PBXGroup;
			children = (
				2BABBEB61DA2BD470074842A /* BeaCodeApp.app */,
			);
			name = Products;
			sourceTree = "<group>";
		};
		2BABBEB81DA2BD470074842A /* BeaCodeApp */ = {
			isa = PBXGroup;
			children = (
				2B4476C01DAAAD9300A27F4C /* Generic */,
				2B4476BF1DAAAD8F00A27F4C /* Core */,
				2BABBEC51DA2BD470074842A /* Info.plist */,
				EA5EEE291DC93E6C00C30D69 /* Assets.xcassets */,
			);
			path = BeaCodeApp;
			sourceTree = "<group>";
		};
		7289416C5907DDDDE4A29FE0 /* Pods */ = {
			isa = PBXGroup;
			children = (
				74758EC089C261F10A6558DF /* Pods-BeaCodeApp.debug.xcconfig */,
				22FCC914006020FCE9F45BC0 /* Pods-BeaCodeApp.release.xcconfig */,
			);
			name = Pods;
			sourceTree = "<group>";
		};
		EA274A391DCB674000C005D9 /* Navigation */ = {
			isa = PBXGroup;
			children = (
				EA274A3A1DCB674A00C005D9 /* View */,
			);
			name = Navigation;
			sourceTree = "<group>";
		};
		EA274A3A1DCB674A00C005D9 /* View */ = {
			isa = PBXGroup;
			children = (
				EA274A3B1DCB676800C005D9 /* NavigationViewController.swift */,
			);
			name = View;
			sourceTree = "<group>";
		};
		EA5EEE1E1DC911E900C30D69 /* View */ = {
			isa = PBXGroup;
			children = (
				EA1C22AE1DC8E9B3005481AB /* MyEventsViewController.swift */,
				EA1C22B01DC8EA0B005481AB /* SearchViewController.swift */,
				EA1C22B61DC8EC12005481AB /* EventDetailViewController.swift */,
				EA5EEE201DC9126D00C30D69 /* EventDetailViewController+TableView.swift */,
				EA9611B21DD06C2200B27290 /* ExhibitDetailViewController.swift */,
			);
			name = View;
			sourceTree = "<group>";
		};
		EA5EEE1F1DC9122000C30D69 /* View */ = {
			isa = PBXGroup;
			children = (
				EA1C22B81DC8EC3D005481AB /* MyProfileViewController.swift */,
			);
			name = View;
			sourceTree = "<group>";
		};
		EA5EEE241DC937D100C30D69 /* Model */ = {
			isa = PBXGroup;
			children = (
				EA5EEE271DC9381800C30D69 /* Exhibit.swift */,
			);
			name = Model;
			sourceTree = "<group>";
		};
		EA5EEE2B1DC93EF100C30D69 /* MockService */ = {
			isa = PBXGroup;
			children = (
				EA5EEE2C1DC93F3400C30D69 /* MockFactory.swift */,
			);
			name = MockService;
			sourceTree = "<group>";
		};
		EAE019A21DD0A74E0049D28B /* Controller */ = {
			isa = PBXGroup;
			children = (
				EA274A351DCAA46100C005D9 /* SharingManager.swift */,
			);
			name = Controller;
			sourceTree = "<group>";
		};
		EAE019A31DD0A7D80049D28B /* Event Detail */ = {
			isa = PBXGroup;
			children = (
			);
			name = "Event Detail";
			sourceTree = "<group>";
		};
		EAE019A41DD0A7E00049D28B /* Event Dashboard */ = {
			isa = PBXGroup;
			children = (
				EAE019A61DD0A9F20049D28B /* Resource */,
				EA5EEE1E1DC911E900C30D69 /* View */,
				EAE019A21DD0A74E0049D28B /* Controller */,
			);
			name = "Event Dashboard";
			sourceTree = "<group>";
		};
		EAE019A61DD0A9F20049D28B /* Resource */ = {
			isa = PBXGroup;
			children = (
				EAE019A91DD0AA020049D28B /* Converter */,
				EAE019A81DD0A9FE0049D28B /* Dto */,
				EAE019A71DD0A9F70049D28B /* Domain */,
				EAE019B01DD0B0570049D28B /* GetEventResource.swift */,
			);
			name = Resource;
			sourceTree = "<group>";
		};
		EAE019A71DD0A9F70049D28B /* Domain */ = {
			isa = PBXGroup;
			children = (
				EA5EEE251DC937E400C30D69 /* Event.swift */,
			);
			name = Domain;
			sourceTree = "<group>";
		};
		EAE019A81DD0A9FE0049D28B /* Dto */ = {
			isa = PBXGroup;
			children = (
				EAE019AC1DD0AA8E0049D28B /* EventDto.swift */,
			);
			name = Dto;
			sourceTree = "<group>";
		};
		EAE019A91DD0AA020049D28B /* Converter */ = {
			isa = PBXGroup;
			children = (
				EAE019AE1DD0AC790049D28B /* EventConverter.swift */,
			);
			name = Converter;
			sourceTree = "<group>";
		};
/* End PBXGroup section */

/* Begin PBXNativeTarget section */
		2BABBEB51DA2BD470074842A /* BeaCodeApp */ = {
			isa = PBXNativeTarget;
			buildConfigurationList = 2BABBEC81DA2BD470074842A /* Build configuration list for PBXNativeTarget "BeaCodeApp" */;
			buildPhases = (
				7DA3011842E88BEDCC996A58 /* [CP] Check Pods Manifest.lock */,
				2BABBEB21DA2BD470074842A /* Sources */,
				2BABBEB31DA2BD470074842A /* Frameworks */,
				2BABBEB41DA2BD470074842A /* Resources */,
				633685D6A459685E18C4AC91 /* [CP] Embed Pods Frameworks */,
				12618E18B17836AE7C441408 /* [CP] Copy Pods Resources */,
			);
			buildRules = (
			);
			dependencies = (
			);
			name = BeaCodeApp;
			productName = BeaCodeApp;
			productReference = 2BABBEB61DA2BD470074842A /* BeaCodeApp.app */;
			productType = "com.apple.product-type.application";
		};
/* End PBXNativeTarget section */

/* Begin PBXProject section */
		2BABBEAE1DA2BD470074842A /* Project object */ = {
			isa = PBXProject;
			attributes = {
				LastSwiftUpdateCheck = 0800;
				LastUpgradeCheck = 0800;
				ORGANIZATIONNAME = "Peter Augustín";
				TargetAttributes = {
					2BABBEB51DA2BD470074842A = {
						CreatedOnToolsVersion = 8.0;
						DevelopmentTeam = MN2MG2K2EN;
						ProvisioningStyle = Automatic;
					};
				};
			};
			buildConfigurationList = 2BABBEB11DA2BD470074842A /* Build configuration list for PBXProject "BeaCodeApp" */;
			compatibilityVersion = "Xcode 3.2";
			developmentRegion = English;
			hasScannedForEncodings = 0;
			knownRegions = (
				en,
				Base,
			);
			mainGroup = 2BABBEAD1DA2BD470074842A;
			productRefGroup = 2BABBEB71DA2BD470074842A /* Products */;
			projectDirPath = "";
			projectRoot = "";
			targets = (
				2BABBEB51DA2BD470074842A /* BeaCodeApp */,
			);
		};
/* End PBXProject section */

/* Begin PBXResourcesBuildPhase section */
		2BABBEB41DA2BD470074842A /* Resources */ = {
			isa = PBXResourcesBuildPhase;
			buildActionMask = 2147483647;
			files = (
				2BABBEC41DA2BD470074842A /* LaunchScreen.storyboard in Resources */,
				EA5EEE2A1DC93E6C00C30D69 /* Assets.xcassets in Resources */,
				2BABBEBF1DA2BD470074842A /* Main.storyboard in Resources */,
			);
			runOnlyForDeploymentPostprocessing = 0;
		};
/* End PBXResourcesBuildPhase section */

/* Begin PBXShellScriptBuildPhase section */
		12618E18B17836AE7C441408 /* [CP] Copy Pods Resources */ = {
			isa = PBXShellScriptBuildPhase;
			buildActionMask = 2147483647;
			files = (
			);
			inputPaths = (
			);
			name = "[CP] Copy Pods Resources";
			outputPaths = (
			);
			runOnlyForDeploymentPostprocessing = 0;
			shellPath = /bin/sh;
			shellScript = "\"${SRCROOT}/Pods/Target Support Files/Pods-BeaCodeApp/Pods-BeaCodeApp-resources.sh\"\n";
			showEnvVarsInLog = 0;
		};
		633685D6A459685E18C4AC91 /* [CP] Embed Pods Frameworks */ = {
			isa = PBXShellScriptBuildPhase;
			buildActionMask = 2147483647;
			files = (
			);
			inputPaths = (
			);
			name = "[CP] Embed Pods Frameworks";
			outputPaths = (
			);
			runOnlyForDeploymentPostprocessing = 0;
			shellPath = /bin/sh;
			shellScript = "\"${SRCROOT}/Pods/Target Support Files/Pods-BeaCodeApp/Pods-BeaCodeApp-frameworks.sh\"\n";
			showEnvVarsInLog = 0;
		};
		7DA3011842E88BEDCC996A58 /* [CP] Check Pods Manifest.lock */ = {
			isa = PBXShellScriptBuildPhase;
			buildActionMask = 2147483647;
			files = (
			);
			inputPaths = (
			);
			name = "[CP] Check Pods Manifest.lock";
			outputPaths = (
			);
			runOnlyForDeploymentPostprocessing = 0;
			shellPath = /bin/sh;
			shellScript = "diff \"${PODS_ROOT}/../Podfile.lock\" \"${PODS_ROOT}/Manifest.lock\" > /dev/null\nif [ $? != 0 ] ; then\n    # print error to STDERR\n    echo \"error: The sandbox is not in sync with the Podfile.lock. Run 'pod install' or update your CocoaPods installation.\" >&2\n    exit 1\nfi\n";
			showEnvVarsInLog = 0;
		};
/* End PBXShellScriptBuildPhase section */

/* Begin PBXSourcesBuildPhase section */
		2BABBEB21DA2BD470074842A /* Sources */ = {
			isa = PBXSourcesBuildPhase;
			buildActionMask = 2147483647;
			files = (
				EA5EEE1D1DC90EEB00C30D69 /* EventPhotoSliderTableViewCell.swift in Sources */,
				EAE019B11DD0B0570049D28B /* GetEventResource.swift in Sources */,
				EA9611B31DD06C2200B27290 /* ExhibitDetailViewController.swift in Sources */,
				2B4476E31DAAB89300A27F4C /* NetworkService.swift in Sources */,
				2B4476E11DAAB88900A27F4C /* NetworkServiceManager.swift in Sources */,
				EA1C22B11DC8EA0B005481AB /* SearchViewController.swift in Sources */,
				EA5EEE211DC9126D00C30D69 /* EventDetailViewController+TableView.swift in Sources */,
				EA9611B11DD0043700B27290 /* ExhibitTableViewCell.swift in Sources */,
				EA5EEE1B1DC8F29C00C30D69 /* EventDetailInfoTableViewCell.swift in Sources */,
				2B2C77581DD9F65D00E9B1ED /* ServiceCall.swift in Sources */,
				EA1C22AF1DC8E9B3005481AB /* MyEventsViewController.swift in Sources */,
				EA274A381DCAC9D600C005D9 /* PhotoCell.swift in Sources */,
				2BABBEBC1DA2BD470074842A /* InitialViewController.swift in Sources */,
				EA5EEE261DC937E400C30D69 /* Event.swift in Sources */,
				EA5EEE281DC9381800C30D69 /* Exhibit.swift in Sources */,
				EA1C22B31DC8EABF005481AB /* MyEventTableViewCell.swift in Sources */,
				EA274A3C1DCB676800C005D9 /* NavigationViewController.swift in Sources */,
				EAE019AF1DD0AC790049D28B /* EventConverter.swift in Sources */,
				EA1C22B91DC8EC3D005481AB /* MyProfileViewController.swift in Sources */,
				EA1C22B51DC8EADE005481AB /* SearchItemTableViewCell.swift in Sources */,
				2BABBEBA1DA2BD470074842A /* AppDelegate.swift in Sources */,
				2B4476C81DAAADC700A27F4C /* CoreLocationManager.swift in Sources */,
				EA1C22B71DC8EC12005481AB /* EventDetailViewController.swift in Sources */,
				EA5EEE231DC91EC400C30D69 /* EventNavigationStarterTableViewCell.swift in Sources */,
				2B4476E61DAAB8F800A27F4C /* NetworkConfig.swift in Sources */,
				EA274A361DCAA46100C005D9 /* SharingManager.swift in Sources */,
				EA5EEE2D1DC93F3400C30D69 /* MockFactory.swift in Sources */,
				EAE019AD1DD0AA8E0049D28B /* EventDto.swift in Sources */,
			);
			runOnlyForDeploymentPostprocessing = 0;
		};
/* End PBXSourcesBuildPhase section */

/* Begin PBXVariantGroup section */
		2BABBEBD1DA2BD470074842A /* Main.storyboard */ = {
			isa = PBXVariantGroup;
			children = (
				2BABBEBE1DA2BD470074842A /* Base */,
			);
			name = Main.storyboard;
			sourceTree = "<group>";
		};
		2BABBEC21DA2BD470074842A /* LaunchScreen.storyboard */ = {
			isa = PBXVariantGroup;
			children = (
				2BABBEC31DA2BD470074842A /* Base */,
			);
			name = LaunchScreen.storyboard;
			sourceTree = "<group>";
		};
/* End PBXVariantGroup section */

/* Begin XCBuildConfiguration section */
		2BABBEC61DA2BD470074842A /* Debug */ = {
			isa = XCBuildConfiguration;
			buildSettings = {
				ALWAYS_SEARCH_USER_PATHS = NO;
				CLANG_ANALYZER_NONNULL = YES;
				CLANG_CXX_LANGUAGE_STANDARD = "gnu++0x";
				CLANG_CXX_LIBRARY = "libc++";
				CLANG_ENABLE_MODULES = YES;
				CLANG_ENABLE_OBJC_ARC = YES;
				CLANG_WARN_BOOL_CONVERSION = YES;
				CLANG_WARN_CONSTANT_CONVERSION = YES;
				CLANG_WARN_DIRECT_OBJC_ISA_USAGE = YES_ERROR;
				CLANG_WARN_DOCUMENTATION_COMMENTS = YES;
				CLANG_WARN_EMPTY_BODY = YES;
				CLANG_WARN_ENUM_CONVERSION = YES;
				CLANG_WARN_INFINITE_RECURSION = YES;
				CLANG_WARN_INT_CONVERSION = YES;
				CLANG_WARN_OBJC_ROOT_CLASS = YES_ERROR;
				CLANG_WARN_SUSPICIOUS_MOVES = YES;
				CLANG_WARN_UNREACHABLE_CODE = YES;
				CLANG_WARN__DUPLICATE_METHOD_MATCH = YES;
				"CODE_SIGN_IDENTITY[sdk=iphoneos*]" = "iPhone Developer";
				COPY_PHASE_STRIP = NO;
				DEBUG_INFORMATION_FORMAT = dwarf;
				ENABLE_STRICT_OBJC_MSGSEND = YES;
				ENABLE_TESTABILITY = YES;
				GCC_C_LANGUAGE_STANDARD = gnu99;
				GCC_DYNAMIC_NO_PIC = NO;
				GCC_NO_COMMON_BLOCKS = YES;
				GCC_OPTIMIZATION_LEVEL = 0;
				GCC_PREPROCESSOR_DEFINITIONS = (
					"DEBUG=1",
					"$(inherited)",
				);
				GCC_WARN_64_TO_32_BIT_CONVERSION = YES;
				GCC_WARN_ABOUT_RETURN_TYPE = YES_ERROR;
				GCC_WARN_UNDECLARED_SELECTOR = YES;
				GCC_WARN_UNINITIALIZED_AUTOS = YES_AGGRESSIVE;
				GCC_WARN_UNUSED_FUNCTION = YES;
				GCC_WARN_UNUSED_VARIABLE = YES;
				IPHONEOS_DEPLOYMENT_TARGET = 10.0;
				MTL_ENABLE_DEBUG_INFO = YES;
				ONLY_ACTIVE_ARCH = YES;
				SDKROOT = iphoneos;
				SWIFT_ACTIVE_COMPILATION_CONDITIONS = DEBUG;
				SWIFT_OPTIMIZATION_LEVEL = "-Onone";
			};
			name = Debug;
		};
		2BABBEC71DA2BD470074842A /* Release */ = {
			isa = XCBuildConfiguration;
			buildSettings = {
				ALWAYS_SEARCH_USER_PATHS = NO;
				CLANG_ANALYZER_NONNULL = YES;
				CLANG_CXX_LANGUAGE_STANDARD = "gnu++0x";
				CLANG_CXX_LIBRARY = "libc++";
				CLANG_ENABLE_MODULES = YES;
				CLANG_ENABLE_OBJC_ARC = YES;
				CLANG_WARN_BOOL_CONVERSION = YES;
				CLANG_WARN_CONSTANT_CONVERSION = YES;
				CLANG_WARN_DIRECT_OBJC_ISA_USAGE = YES_ERROR;
				CLANG_WARN_DOCUMENTATION_COMMENTS = YES;
				CLANG_WARN_EMPTY_BODY = YES;
				CLANG_WARN_ENUM_CONVERSION = YES;
				CLANG_WARN_INFINITE_RECURSION = YES;
				CLANG_WARN_INT_CONVERSION = YES;
				CLANG_WARN_OBJC_ROOT_CLASS = YES_ERROR;
				CLANG_WARN_SUSPICIOUS_MOVES = YES;
				CLANG_WARN_UNREACHABLE_CODE = YES;
				CLANG_WARN__DUPLICATE_METHOD_MATCH = YES;
				"CODE_SIGN_IDENTITY[sdk=iphoneos*]" = "iPhone Developer";
				COPY_PHASE_STRIP = NO;
				DEBUG_INFORMATION_FORMAT = "dwarf-with-dsym";
				ENABLE_NS_ASSERTIONS = NO;
				ENABLE_STRICT_OBJC_MSGSEND = YES;
				GCC_C_LANGUAGE_STANDARD = gnu99;
				GCC_NO_COMMON_BLOCKS = YES;
				GCC_WARN_64_TO_32_BIT_CONVERSION = YES;
				GCC_WARN_ABOUT_RETURN_TYPE = YES_ERROR;
				GCC_WARN_UNDECLARED_SELECTOR = YES;
				GCC_WARN_UNINITIALIZED_AUTOS = YES_AGGRESSIVE;
				GCC_WARN_UNUSED_FUNCTION = YES;
				GCC_WARN_UNUSED_VARIABLE = YES;
				IPHONEOS_DEPLOYMENT_TARGET = 10.0;
				MTL_ENABLE_DEBUG_INFO = NO;
				SDKROOT = iphoneos;
				SWIFT_OPTIMIZATION_LEVEL = "-Owholemodule";
				VALIDATE_PRODUCT = YES;
			};
			name = Release;
		};
		2BABBEC91DA2BD470074842A /* Debug */ = {
			isa = XCBuildConfiguration;
			baseConfigurationReference = 74758EC089C261F10A6558DF /* Pods-BeaCodeApp.debug.xcconfig */;
			buildSettings = {
				ASSETCATALOG_COMPILER_APPICON_NAME = AppIcon;
				"CODE_SIGN_IDENTITY[sdk=iphoneos*]" = "iPhone Developer";
				DEVELOPMENT_TEAM = MN2MG2K2EN;
				INFOPLIST_FILE = BeaCodeApp/Info.plist;
				LD_RUNPATH_SEARCH_PATHS = "$(inherited) @executable_path/Frameworks";
				PRODUCT_BUNDLE_IDENTIFIER = beacodeapp.BeaCodeApp;
				PRODUCT_NAME = "$(TARGET_NAME)";
				SWIFT_VERSION = 3.0;
			};
			name = Debug;
		};
		2BABBECA1DA2BD470074842A /* Release */ = {
			isa = XCBuildConfiguration;
			baseConfigurationReference = 22FCC914006020FCE9F45BC0 /* Pods-BeaCodeApp.release.xcconfig */;
			buildSettings = {
				ASSETCATALOG_COMPILER_APPICON_NAME = AppIcon;
				"CODE_SIGN_IDENTITY[sdk=iphoneos*]" = "iPhone Developer";
				DEVELOPMENT_TEAM = MN2MG2K2EN;
				INFOPLIST_FILE = BeaCodeApp/Info.plist;
				LD_RUNPATH_SEARCH_PATHS = "$(inherited) @executable_path/Frameworks";
				PRODUCT_BUNDLE_IDENTIFIER = beacodeapp.BeaCodeApp;
				PRODUCT_NAME = "$(TARGET_NAME)";
				SWIFT_VERSION = 3.0;
			};
			name = Release;
		};
/* End XCBuildConfiguration section */

/* Begin XCConfigurationList section */
		2BABBEB11DA2BD470074842A /* Build configuration list for PBXProject "BeaCodeApp" */ = {
			isa = XCConfigurationList;
			buildConfigurations = (
				2BABBEC61DA2BD470074842A /* Debug */,
				2BABBEC71DA2BD470074842A /* Release */,
			);
			defaultConfigurationIsVisible = 0;
			defaultConfigurationName = Release;
		};
		2BABBEC81DA2BD470074842A /* Build configuration list for PBXNativeTarget "BeaCodeApp" */ = {
			isa = XCConfigurationList;
			buildConfigurations = (
				2BABBEC91DA2BD470074842A /* Debug */,
				2BABBECA1DA2BD470074842A /* Release */,
			);
			defaultConfigurationIsVisible = 0;
			defaultConfigurationName = Release;
		};
/* End XCConfigurationList section */
	};
	rootObject = 2BABBEAE1DA2BD470074842A /* Project object */;
}
